
Microsoft Visual Studio Solution File, Format Version 12.00
# Visual Studio 15
VisualStudioVersion = 15.0.26730.12
MinimumVisualStudioVersion = 10.0.40219.1
Project("{FAE04EC0-301F-11D3-BF4B-00C04F79EFBC}") = "SamplesApp.Android", "SamplesApp\SamplesApp.Android\SamplesApp.Android.csproj", "{FA7B7CB7-5D5D-4080-92B6-EE9D4E5F979F}"
EndProject
Project("{FAE04EC0-301F-11D3-BF4B-00C04F79EFBC}") = "SamplesApp", "SamplesApp\SamplesApp\SamplesApp.csproj", "{E72CA6C6-1D19-41AF-9108-33CB897CFA88}"
EndProject
Project("{FAE04EC0-301F-11D3-BF4B-00C04F79EFBC}") = "SamplesApp.UWP", "SamplesApp\SamplesApp.UWP\SamplesApp.UWP.csproj", "{C4E6F066-84C2-4FC4-B793-A6D00F2EDC65}"
EndProject
Project("{FAE04EC0-301F-11D3-BF4B-00C04F79EFBC}") = "SamplesApp.iOS", "SamplesApp\SamplesApp.iOS\SamplesApp.iOS.csproj", "{8DFF9D2A-0277-4A39-82C0-4F70256D9F77}"
EndProject
Global
	GlobalSection(SolutionConfigurationPlatforms) = preSolution
		Ad-Hoc|Any CPU = Ad-Hoc|Any CPU
		Ad-Hoc|ARM = Ad-Hoc|ARM
		Ad-Hoc|iPhone = Ad-Hoc|iPhone
		Ad-Hoc|iPhoneSimulator = Ad-Hoc|iPhoneSimulator
		Ad-Hoc|x64 = Ad-Hoc|x64
		Ad-Hoc|x86 = Ad-Hoc|x86
		AppStore|Any CPU = AppStore|Any CPU
		AppStore|ARM = AppStore|ARM
		AppStore|iPhone = AppStore|iPhone
		AppStore|iPhoneSimulator = AppStore|iPhoneSimulator
		AppStore|x64 = AppStore|x64
		AppStore|x86 = AppStore|x86
		Debug|Any CPU = Debug|Any CPU
		Debug|ARM = Debug|ARM
		Debug|iPhone = Debug|iPhone
		Debug|iPhoneSimulator = Debug|iPhoneSimulator
		Debug|x64 = Debug|x64
		Debug|x86 = Debug|x86
		Release|Any CPU = Release|Any CPU
		Release|ARM = Release|ARM
		Release|iPhone = Release|iPhone
		Release|iPhoneSimulator = Release|iPhoneSimulator
		Release|x64 = Release|x64
		Release|x86 = Release|x86
	EndGlobalSection
	GlobalSection(ProjectConfigurationPlatforms) = postSolution
		{FA7B7CB7-5D5D-4080-92B6-EE9D4E5F979F}.Ad-Hoc|Any CPU.ActiveCfg = Release|Any CPU
		{FA7B7CB7-5D5D-4080-92B6-EE9D4E5F979F}.Ad-Hoc|Any CPU.Build.0 = Release|Any CPU
		{FA7B7CB7-5D5D-4080-92B6-EE9D4E5F979F}.Ad-Hoc|Any CPU.Deploy.0 = Release|Any CPU
		{FA7B7CB7-5D5D-4080-92B6-EE9D4E5F979F}.Ad-Hoc|ARM.ActiveCfg = Release|Any CPU
		{FA7B7CB7-5D5D-4080-92B6-EE9D4E5F979F}.Ad-Hoc|ARM.Build.0 = Release|Any CPU
		{FA7B7CB7-5D5D-4080-92B6-EE9D4E5F979F}.Ad-Hoc|ARM.Deploy.0 = Release|Any CPU
		{FA7B7CB7-5D5D-4080-92B6-EE9D4E5F979F}.Ad-Hoc|iPhone.ActiveCfg = Release|Any CPU
		{FA7B7CB7-5D5D-4080-92B6-EE9D4E5F979F}.Ad-Hoc|iPhone.Build.0 = Release|Any CPU
		{FA7B7CB7-5D5D-4080-92B6-EE9D4E5F979F}.Ad-Hoc|iPhone.Deploy.0 = Release|Any CPU
		{FA7B7CB7-5D5D-4080-92B6-EE9D4E5F979F}.Ad-Hoc|iPhoneSimulator.ActiveCfg = Release|Any CPU
		{FA7B7CB7-5D5D-4080-92B6-EE9D4E5F979F}.Ad-Hoc|iPhoneSimulator.Build.0 = Release|Any CPU
		{FA7B7CB7-5D5D-4080-92B6-EE9D4E5F979F}.Ad-Hoc|iPhoneSimulator.Deploy.0 = Release|Any CPU
		{FA7B7CB7-5D5D-4080-92B6-EE9D4E5F979F}.Ad-Hoc|x64.ActiveCfg = Release|Any CPU
		{FA7B7CB7-5D5D-4080-92B6-EE9D4E5F979F}.Ad-Hoc|x64.Build.0 = Release|Any CPU
		{FA7B7CB7-5D5D-4080-92B6-EE9D4E5F979F}.Ad-Hoc|x64.Deploy.0 = Release|Any CPU
		{FA7B7CB7-5D5D-4080-92B6-EE9D4E5F979F}.Ad-Hoc|x86.ActiveCfg = Release|Any CPU
		{FA7B7CB7-5D5D-4080-92B6-EE9D4E5F979F}.Ad-Hoc|x86.Build.0 = Release|Any CPU
		{FA7B7CB7-5D5D-4080-92B6-EE9D4E5F979F}.Ad-Hoc|x86.Deploy.0 = Release|Any CPU
		{FA7B7CB7-5D5D-4080-92B6-EE9D4E5F979F}.AppStore|Any CPU.ActiveCfg = Release|Any CPU
		{FA7B7CB7-5D5D-4080-92B6-EE9D4E5F979F}.AppStore|Any CPU.Build.0 = Release|Any CPU
		{FA7B7CB7-5D5D-4080-92B6-EE9D4E5F979F}.AppStore|Any CPU.Deploy.0 = Release|Any CPU
		{FA7B7CB7-5D5D-4080-92B6-EE9D4E5F979F}.AppStore|ARM.ActiveCfg = Release|Any CPU
		{FA7B7CB7-5D5D-4080-92B6-EE9D4E5F979F}.AppStore|ARM.Build.0 = Release|Any CPU
		{FA7B7CB7-5D5D-4080-92B6-EE9D4E5F979F}.AppStore|ARM.Deploy.0 = Release|Any CPU
		{FA7B7CB7-5D5D-4080-92B6-EE9D4E5F979F}.AppStore|iPhone.ActiveCfg = Release|Any CPU
		{FA7B7CB7-5D5D-4080-92B6-EE9D4E5F979F}.AppStore|iPhone.Build.0 = Release|Any CPU
		{FA7B7CB7-5D5D-4080-92B6-EE9D4E5F979F}.AppStore|iPhone.Deploy.0 = Release|Any CPU
		{FA7B7CB7-5D5D-4080-92B6-EE9D4E5F979F}.AppStore|iPhoneSimulator.ActiveCfg = Release|Any CPU
		{FA7B7CB7-5D5D-4080-92B6-EE9D4E5F979F}.AppStore|iPhoneSimulator.Build.0 = Release|Any CPU
		{FA7B7CB7-5D5D-4080-92B6-EE9D4E5F979F}.AppStore|iPhoneSimulator.Deploy.0 = Release|Any CPU
		{FA7B7CB7-5D5D-4080-92B6-EE9D4E5F979F}.AppStore|x64.ActiveCfg = Release|Any CPU
		{FA7B7CB7-5D5D-4080-92B6-EE9D4E5F979F}.AppStore|x64.Build.0 = Release|Any CPU
		{FA7B7CB7-5D5D-4080-92B6-EE9D4E5F979F}.AppStore|x64.Deploy.0 = Release|Any CPU
		{FA7B7CB7-5D5D-4080-92B6-EE9D4E5F979F}.AppStore|x86.ActiveCfg = Release|Any CPU
		{FA7B7CB7-5D5D-4080-92B6-EE9D4E5F979F}.AppStore|x86.Build.0 = Release|Any CPU
		{FA7B7CB7-5D5D-4080-92B6-EE9D4E5F979F}.AppStore|x86.Deploy.0 = Release|Any CPU
		{FA7B7CB7-5D5D-4080-92B6-EE9D4E5F979F}.Debug|Any CPU.ActiveCfg = Debug|Any CPU
		{FA7B7CB7-5D5D-4080-92B6-EE9D4E5F979F}.Debug|Any CPU.Build.0 = Debug|Any CPU
		{FA7B7CB7-5D5D-4080-92B6-EE9D4E5F979F}.Debug|Any CPU.Deploy.0 = Debug|Any CPU
		{FA7B7CB7-5D5D-4080-92B6-EE9D4E5F979F}.Debug|ARM.ActiveCfg = Debug|Any CPU
		{FA7B7CB7-5D5D-4080-92B6-EE9D4E5F979F}.Debug|ARM.Build.0 = Debug|Any CPU
		{FA7B7CB7-5D5D-4080-92B6-EE9D4E5F979F}.Debug|ARM.Deploy.0 = Debug|Any CPU
		{FA7B7CB7-5D5D-4080-92B6-EE9D4E5F979F}.Debug|iPhone.ActiveCfg = Debug|Any CPU
		{FA7B7CB7-5D5D-4080-92B6-EE9D4E5F979F}.Debug|iPhone.Build.0 = Debug|Any CPU
		{FA7B7CB7-5D5D-4080-92B6-EE9D4E5F979F}.Debug|iPhone.Deploy.0 = Debug|Any CPU
		{FA7B7CB7-5D5D-4080-92B6-EE9D4E5F979F}.Debug|iPhoneSimulator.ActiveCfg = Debug|Any CPU
		{FA7B7CB7-5D5D-4080-92B6-EE9D4E5F979F}.Debug|iPhoneSimulator.Build.0 = Debug|Any CPU
		{FA7B7CB7-5D5D-4080-92B6-EE9D4E5F979F}.Debug|iPhoneSimulator.Deploy.0 = Debug|Any CPU
		{FA7B7CB7-5D5D-4080-92B6-EE9D4E5F979F}.Debug|x64.ActiveCfg = Debug|Any CPU
		{FA7B7CB7-5D5D-4080-92B6-EE9D4E5F979F}.Debug|x64.Build.0 = Debug|Any CPU
		{FA7B7CB7-5D5D-4080-92B6-EE9D4E5F979F}.Debug|x64.Deploy.0 = Debug|Any CPU
		{FA7B7CB7-5D5D-4080-92B6-EE9D4E5F979F}.Debug|x86.ActiveCfg = Debug|Any CPU
		{FA7B7CB7-5D5D-4080-92B6-EE9D4E5F979F}.Debug|x86.Build.0 = Debug|Any CPU
		{FA7B7CB7-5D5D-4080-92B6-EE9D4E5F979F}.Debug|x86.Deploy.0 = Debug|Any CPU
		{FA7B7CB7-5D5D-4080-92B6-EE9D4E5F979F}.Release|Any CPU.ActiveCfg = Release|Any CPU
		{FA7B7CB7-5D5D-4080-92B6-EE9D4E5F979F}.Release|Any CPU.Build.0 = Release|Any CPU
		{FA7B7CB7-5D5D-4080-92B6-EE9D4E5F979F}.Release|Any CPU.Deploy.0 = Release|Any CPU
		{FA7B7CB7-5D5D-4080-92B6-EE9D4E5F979F}.Release|ARM.ActiveCfg = Release|Any CPU
		{FA7B7CB7-5D5D-4080-92B6-EE9D4E5F979F}.Release|ARM.Build.0 = Release|Any CPU
		{FA7B7CB7-5D5D-4080-92B6-EE9D4E5F979F}.Release|ARM.Deploy.0 = Release|Any CPU
		{FA7B7CB7-5D5D-4080-92B6-EE9D4E5F979F}.Release|iPhone.ActiveCfg = Release|Any CPU
		{FA7B7CB7-5D5D-4080-92B6-EE9D4E5F979F}.Release|iPhone.Build.0 = Release|Any CPU
		{FA7B7CB7-5D5D-4080-92B6-EE9D4E5F979F}.Release|iPhone.Deploy.0 = Release|Any CPU
		{FA7B7CB7-5D5D-4080-92B6-EE9D4E5F979F}.Release|iPhoneSimulator.ActiveCfg = Release|Any CPU
		{FA7B7CB7-5D5D-4080-92B6-EE9D4E5F979F}.Release|iPhoneSimulator.Build.0 = Release|Any CPU
		{FA7B7CB7-5D5D-4080-92B6-EE9D4E5F979F}.Release|iPhoneSimulator.Deploy.0 = Release|Any CPU
		{FA7B7CB7-5D5D-4080-92B6-EE9D4E5F979F}.Release|x64.ActiveCfg = Release|Any CPU
		{FA7B7CB7-5D5D-4080-92B6-EE9D4E5F979F}.Release|x64.Build.0 = Release|Any CPU
		{FA7B7CB7-5D5D-4080-92B6-EE9D4E5F979F}.Release|x64.Deploy.0 = Release|Any CPU
		{FA7B7CB7-5D5D-4080-92B6-EE9D4E5F979F}.Release|x86.ActiveCfg = Release|Any CPU
		{FA7B7CB7-5D5D-4080-92B6-EE9D4E5F979F}.Release|x86.Build.0 = Release|Any CPU
		{FA7B7CB7-5D5D-4080-92B6-EE9D4E5F979F}.Release|x86.Deploy.0 = Release|Any CPU
		{E72CA6C6-1D19-41AF-9108-33CB897CFA88}.Ad-Hoc|Any CPU.ActiveCfg = Release|Any CPU
		{E72CA6C6-1D19-41AF-9108-33CB897CFA88}.Ad-Hoc|Any CPU.Build.0 = Release|Any CPU
		{E72CA6C6-1D19-41AF-9108-33CB897CFA88}.Ad-Hoc|ARM.ActiveCfg = Release|Any CPU
		{E72CA6C6-1D19-41AF-9108-33CB897CFA88}.Ad-Hoc|ARM.Build.0 = Release|Any CPU
		{E72CA6C6-1D19-41AF-9108-33CB897CFA88}.Ad-Hoc|iPhone.ActiveCfg = Release|Any CPU
		{E72CA6C6-1D19-41AF-9108-33CB897CFA88}.Ad-Hoc|iPhone.Build.0 = Release|Any CPU
		{E72CA6C6-1D19-41AF-9108-33CB897CFA88}.Ad-Hoc|iPhoneSimulator.ActiveCfg = Release|Any CPU
		{E72CA6C6-1D19-41AF-9108-33CB897CFA88}.Ad-Hoc|iPhoneSimulator.Build.0 = Release|Any CPU
		{E72CA6C6-1D19-41AF-9108-33CB897CFA88}.Ad-Hoc|x64.ActiveCfg = Release|Any CPU
		{E72CA6C6-1D19-41AF-9108-33CB897CFA88}.Ad-Hoc|x64.Build.0 = Release|Any CPU
		{E72CA6C6-1D19-41AF-9108-33CB897CFA88}.Ad-Hoc|x86.ActiveCfg = Release|Any CPU
		{E72CA6C6-1D19-41AF-9108-33CB897CFA88}.Ad-Hoc|x86.Build.0 = Release|Any CPU
		{E72CA6C6-1D19-41AF-9108-33CB897CFA88}.AppStore|Any CPU.ActiveCfg = Release|Any CPU
		{E72CA6C6-1D19-41AF-9108-33CB897CFA88}.AppStore|Any CPU.Build.0 = Release|Any CPU
		{E72CA6C6-1D19-41AF-9108-33CB897CFA88}.AppStore|ARM.ActiveCfg = Release|Any CPU
		{E72CA6C6-1D19-41AF-9108-33CB897CFA88}.AppStore|ARM.Build.0 = Release|Any CPU
		{E72CA6C6-1D19-41AF-9108-33CB897CFA88}.AppStore|iPhone.ActiveCfg = Release|Any CPU
		{E72CA6C6-1D19-41AF-9108-33CB897CFA88}.AppStore|iPhone.Build.0 = Release|Any CPU
		{E72CA6C6-1D19-41AF-9108-33CB897CFA88}.AppStore|iPhoneSimulator.ActiveCfg = Release|Any CPU
		{E72CA6C6-1D19-41AF-9108-33CB897CFA88}.AppStore|iPhoneSimulator.Build.0 = Release|Any CPU
		{E72CA6C6-1D19-41AF-9108-33CB897CFA88}.AppStore|x64.ActiveCfg = Release|Any CPU
		{E72CA6C6-1D19-41AF-9108-33CB897CFA88}.AppStore|x64.Build.0 = Release|Any CPU
		{E72CA6C6-1D19-41AF-9108-33CB897CFA88}.AppStore|x86.ActiveCfg = Release|Any CPU
		{E72CA6C6-1D19-41AF-9108-33CB897CFA88}.AppStore|x86.Build.0 = Release|Any CPU
		{E72CA6C6-1D19-41AF-9108-33CB897CFA88}.Debug|Any CPU.ActiveCfg = Debug|Any CPU
		{E72CA6C6-1D19-41AF-9108-33CB897CFA88}.Debug|Any CPU.Build.0 = Debug|Any CPU
		{E72CA6C6-1D19-41AF-9108-33CB897CFA88}.Debug|ARM.ActiveCfg = Debug|Any CPU
		{E72CA6C6-1D19-41AF-9108-33CB897CFA88}.Debug|ARM.Build.0 = Debug|Any CPU
		{E72CA6C6-1D19-41AF-9108-33CB897CFA88}.Debug|iPhone.ActiveCfg = Debug|Any CPU
		{E72CA6C6-1D19-41AF-9108-33CB897CFA88}.Debug|iPhone.Build.0 = Debug|Any CPU
		{E72CA6C6-1D19-41AF-9108-33CB897CFA88}.Debug|iPhoneSimulator.ActiveCfg = Debug|Any CPU
		{E72CA6C6-1D19-41AF-9108-33CB897CFA88}.Debug|iPhoneSimulator.Build.0 = Debug|Any CPU
		{E72CA6C6-1D19-41AF-9108-33CB897CFA88}.Debug|x64.ActiveCfg = Debug|Any CPU
		{E72CA6C6-1D19-41AF-9108-33CB897CFA88}.Debug|x64.Build.0 = Debug|Any CPU
		{E72CA6C6-1D19-41AF-9108-33CB897CFA88}.Debug|x86.ActiveCfg = Debug|Any CPU
		{E72CA6C6-1D19-41AF-9108-33CB897CFA88}.Debug|x86.Build.0 = Debug|Any CPU
		{E72CA6C6-1D19-41AF-9108-33CB897CFA88}.Release|Any CPU.ActiveCfg = Release|Any CPU
		{E72CA6C6-1D19-41AF-9108-33CB897CFA88}.Release|Any CPU.Build.0 = Release|Any CPU
		{E72CA6C6-1D19-41AF-9108-33CB897CFA88}.Release|ARM.ActiveCfg = Release|Any CPU
		{E72CA6C6-1D19-41AF-9108-33CB897CFA88}.Release|ARM.Build.0 = Release|Any CPU
		{E72CA6C6-1D19-41AF-9108-33CB897CFA88}.Release|iPhone.ActiveCfg = Release|Any CPU
		{E72CA6C6-1D19-41AF-9108-33CB897CFA88}.Release|iPhone.Build.0 = Release|Any CPU
		{E72CA6C6-1D19-41AF-9108-33CB897CFA88}.Release|iPhoneSimulator.ActiveCfg = Release|Any CPU
		{E72CA6C6-1D19-41AF-9108-33CB897CFA88}.Release|iPhoneSimulator.Build.0 = Release|Any CPU
		{E72CA6C6-1D19-41AF-9108-33CB897CFA88}.Release|x64.ActiveCfg = Release|Any CPU
		{E72CA6C6-1D19-41AF-9108-33CB897CFA88}.Release|x64.Build.0 = Release|Any CPU
		{E72CA6C6-1D19-41AF-9108-33CB897CFA88}.Release|x86.ActiveCfg = Release|Any CPU
		{E72CA6C6-1D19-41AF-9108-33CB897CFA88}.Release|x86.Build.0 = Release|Any CPU
		{C4E6F066-84C2-4FC4-B793-A6D00F2EDC65}.Ad-Hoc|Any CPU.ActiveCfg = Release|x86
		{C4E6F066-84C2-4FC4-B793-A6D00F2EDC65}.Ad-Hoc|Any CPU.Build.0 = Release|x86
		{C4E6F066-84C2-4FC4-B793-A6D00F2EDC65}.Ad-Hoc|Any CPU.Deploy.0 = Release|x86
		{C4E6F066-84C2-4FC4-B793-A6D00F2EDC65}.Ad-Hoc|ARM.ActiveCfg = Release|ARM
		{C4E6F066-84C2-4FC4-B793-A6D00F2EDC65}.Ad-Hoc|ARM.Build.0 = Release|ARM
		{C4E6F066-84C2-4FC4-B793-A6D00F2EDC65}.Ad-Hoc|ARM.Deploy.0 = Release|ARM
		{C4E6F066-84C2-4FC4-B793-A6D00F2EDC65}.Ad-Hoc|iPhone.ActiveCfg = Release|x86
		{C4E6F066-84C2-4FC4-B793-A6D00F2EDC65}.Ad-Hoc|iPhone.Build.0 = Release|x86
		{C4E6F066-84C2-4FC4-B793-A6D00F2EDC65}.Ad-Hoc|iPhone.Deploy.0 = Release|x86
		{C4E6F066-84C2-4FC4-B793-A6D00F2EDC65}.Ad-Hoc|iPhoneSimulator.ActiveCfg = Release|x86
		{C4E6F066-84C2-4FC4-B793-A6D00F2EDC65}.Ad-Hoc|iPhoneSimulator.Build.0 = Release|x86
		{C4E6F066-84C2-4FC4-B793-A6D00F2EDC65}.Ad-Hoc|iPhoneSimulator.Deploy.0 = Release|x86
		{C4E6F066-84C2-4FC4-B793-A6D00F2EDC65}.Ad-Hoc|x64.ActiveCfg = Release|x64
		{C4E6F066-84C2-4FC4-B793-A6D00F2EDC65}.Ad-Hoc|x64.Build.0 = Release|x64
		{C4E6F066-84C2-4FC4-B793-A6D00F2EDC65}.Ad-Hoc|x64.Deploy.0 = Release|x64
		{C4E6F066-84C2-4FC4-B793-A6D00F2EDC65}.Ad-Hoc|x86.ActiveCfg = Release|x86
		{C4E6F066-84C2-4FC4-B793-A6D00F2EDC65}.Ad-Hoc|x86.Build.0 = Release|x86
		{C4E6F066-84C2-4FC4-B793-A6D00F2EDC65}.Ad-Hoc|x86.Deploy.0 = Release|x86
		{C4E6F066-84C2-4FC4-B793-A6D00F2EDC65}.AppStore|Any CPU.ActiveCfg = Release|x86
		{C4E6F066-84C2-4FC4-B793-A6D00F2EDC65}.AppStore|Any CPU.Build.0 = Release|x86
		{C4E6F066-84C2-4FC4-B793-A6D00F2EDC65}.AppStore|Any CPU.Deploy.0 = Release|x86
		{C4E6F066-84C2-4FC4-B793-A6D00F2EDC65}.AppStore|ARM.ActiveCfg = Release|ARM
		{C4E6F066-84C2-4FC4-B793-A6D00F2EDC65}.AppStore|ARM.Build.0 = Release|ARM
		{C4E6F066-84C2-4FC4-B793-A6D00F2EDC65}.AppStore|ARM.Deploy.0 = Release|ARM
		{C4E6F066-84C2-4FC4-B793-A6D00F2EDC65}.AppStore|iPhone.ActiveCfg = Release|x86
		{C4E6F066-84C2-4FC4-B793-A6D00F2EDC65}.AppStore|iPhone.Build.0 = Release|x86
		{C4E6F066-84C2-4FC4-B793-A6D00F2EDC65}.AppStore|iPhone.Deploy.0 = Release|x86
		{C4E6F066-84C2-4FC4-B793-A6D00F2EDC65}.AppStore|iPhoneSimulator.ActiveCfg = Release|x86
		{C4E6F066-84C2-4FC4-B793-A6D00F2EDC65}.AppStore|iPhoneSimulator.Build.0 = Release|x86
		{C4E6F066-84C2-4FC4-B793-A6D00F2EDC65}.AppStore|iPhoneSimulator.Deploy.0 = Release|x86
		{C4E6F066-84C2-4FC4-B793-A6D00F2EDC65}.AppStore|x64.ActiveCfg = Release|x64
		{C4E6F066-84C2-4FC4-B793-A6D00F2EDC65}.AppStore|x64.Build.0 = Release|x64
		{C4E6F066-84C2-4FC4-B793-A6D00F2EDC65}.AppStore|x64.Deploy.0 = Release|x64
		{C4E6F066-84C2-4FC4-B793-A6D00F2EDC65}.AppStore|x86.ActiveCfg = Release|x86
		{C4E6F066-84C2-4FC4-B793-A6D00F2EDC65}.AppStore|x86.Build.0 = Release|x86
		{C4E6F066-84C2-4FC4-B793-A6D00F2EDC65}.AppStore|x86.Deploy.0 = Release|x86
		{C4E6F066-84C2-4FC4-B793-A6D00F2EDC65}.Debug|Any CPU.ActiveCfg = Debug|x86
		{C4E6F066-84C2-4FC4-B793-A6D00F2EDC65}.Debug|ARM.ActiveCfg = Debug|ARM
		{C4E6F066-84C2-4FC4-B793-A6D00F2EDC65}.Debug|ARM.Build.0 = Debug|ARM
		{C4E6F066-84C2-4FC4-B793-A6D00F2EDC65}.Debug|ARM.Deploy.0 = Debug|ARM
		{C4E6F066-84C2-4FC4-B793-A6D00F2EDC65}.Debug|iPhone.ActiveCfg = Debug|x86
		{C4E6F066-84C2-4FC4-B793-A6D00F2EDC65}.Debug|iPhoneSimulator.ActiveCfg = Debug|x86
		{C4E6F066-84C2-4FC4-B793-A6D00F2EDC65}.Debug|x64.ActiveCfg = Debug|x64
		{C4E6F066-84C2-4FC4-B793-A6D00F2EDC65}.Debug|x64.Build.0 = Debug|x64
		{C4E6F066-84C2-4FC4-B793-A6D00F2EDC65}.Debug|x64.Deploy.0 = Debug|x64
		{C4E6F066-84C2-4FC4-B793-A6D00F2EDC65}.Debug|x86.ActiveCfg = Debug|x86
		{C4E6F066-84C2-4FC4-B793-A6D00F2EDC65}.Debug|x86.Build.0 = Debug|x86
		{C4E6F066-84C2-4FC4-B793-A6D00F2EDC65}.Debug|x86.Deploy.0 = Debug|x86
		{C4E6F066-84C2-4FC4-B793-A6D00F2EDC65}.Release|Any CPU.ActiveCfg = Release|x86
		{C4E6F066-84C2-4FC4-B793-A6D00F2EDC65}.Release|ARM.ActiveCfg = Release|ARM
		{C4E6F066-84C2-4FC4-B793-A6D00F2EDC65}.Release|ARM.Build.0 = Release|ARM
		{C4E6F066-84C2-4FC4-B793-A6D00F2EDC65}.Release|ARM.Deploy.0 = Release|ARM
		{C4E6F066-84C2-4FC4-B793-A6D00F2EDC65}.Release|iPhone.ActiveCfg = Release|x86
		{C4E6F066-84C2-4FC4-B793-A6D00F2EDC65}.Release|iPhoneSimulator.ActiveCfg = Release|x86
		{C4E6F066-84C2-4FC4-B793-A6D00F2EDC65}.Release|x64.ActiveCfg = Release|x64
		{C4E6F066-84C2-4FC4-B793-A6D00F2EDC65}.Release|x64.Build.0 = Release|x64
		{C4E6F066-84C2-4FC4-B793-A6D00F2EDC65}.Release|x64.Deploy.0 = Release|x64
		{C4E6F066-84C2-4FC4-B793-A6D00F2EDC65}.Release|x86.ActiveCfg = Release|x86
		{C4E6F066-84C2-4FC4-B793-A6D00F2EDC65}.Release|x86.Build.0 = Release|x86
		{C4E6F066-84C2-4FC4-B793-A6D00F2EDC65}.Release|x86.Deploy.0 = Release|x86
		{8DFF9D2A-0277-4A39-82C0-4F70256D9F77}.Ad-Hoc|Any CPU.ActiveCfg = Ad-Hoc|iPhone
		{8DFF9D2A-0277-4A39-82C0-4F70256D9F77}.Ad-Hoc|ARM.ActiveCfg = Ad-Hoc|iPhone
		{8DFF9D2A-0277-4A39-82C0-4F70256D9F77}.Ad-Hoc|iPhone.ActiveCfg = Ad-Hoc|iPhone
		{8DFF9D2A-0277-4A39-82C0-4F70256D9F77}.Ad-Hoc|iPhone.Build.0 = Ad-Hoc|iPhone
		{8DFF9D2A-0277-4A39-82C0-4F70256D9F77}.Ad-Hoc|iPhoneSimulator.ActiveCfg = Ad-Hoc|iPhoneSimulator
		{8DFF9D2A-0277-4A39-82C0-4F70256D9F77}.Ad-Hoc|iPhoneSimulator.Build.0 = Ad-Hoc|iPhoneSimulator
		{8DFF9D2A-0277-4A39-82C0-4F70256D9F77}.Ad-Hoc|x64.ActiveCfg = Ad-Hoc|iPhone
		{8DFF9D2A-0277-4A39-82C0-4F70256D9F77}.Ad-Hoc|x86.ActiveCfg = Ad-Hoc|iPhone
		{8DFF9D2A-0277-4A39-82C0-4F70256D9F77}.AppStore|Any CPU.ActiveCfg = AppStore|iPhone
		{8DFF9D2A-0277-4A39-82C0-4F70256D9F77}.AppStore|ARM.ActiveCfg = AppStore|iPhone
		{8DFF9D2A-0277-4A39-82C0-4F70256D9F77}.AppStore|iPhone.ActiveCfg = AppStore|iPhone
		{8DFF9D2A-0277-4A39-82C0-4F70256D9F77}.AppStore|iPhone.Build.0 = AppStore|iPhone
		{8DFF9D2A-0277-4A39-82C0-4F70256D9F77}.AppStore|iPhoneSimulator.ActiveCfg = AppStore|iPhoneSimulator
		{8DFF9D2A-0277-4A39-82C0-4F70256D9F77}.AppStore|iPhoneSimulator.Build.0 = AppStore|iPhoneSimulator
		{8DFF9D2A-0277-4A39-82C0-4F70256D9F77}.AppStore|x64.ActiveCfg = AppStore|iPhone
		{8DFF9D2A-0277-4A39-82C0-4F70256D9F77}.AppStore|x86.ActiveCfg = AppStore|iPhone
		{8DFF9D2A-0277-4A39-82C0-4F70256D9F77}.Debug|Any CPU.ActiveCfg = Debug|iPhone
		{8DFF9D2A-0277-4A39-82C0-4F70256D9F77}.Debug|ARM.ActiveCfg = Debug|iPhone
		{8DFF9D2A-0277-4A39-82C0-4F70256D9F77}.Debug|iPhone.ActiveCfg = Debug|iPhone
		{8DFF9D2A-0277-4A39-82C0-4F70256D9F77}.Debug|iPhone.Build.0 = Debug|iPhone
		{8DFF9D2A-0277-4A39-82C0-4F70256D9F77}.Debug|iPhoneSimulator.ActiveCfg = Debug|iPhoneSimulator
		{8DFF9D2A-0277-4A39-82C0-4F70256D9F77}.Debug|iPhoneSimulator.Build.0 = Debug|iPhoneSimulator
		{8DFF9D2A-0277-4A39-82C0-4F70256D9F77}.Debug|x64.ActiveCfg = Debug|iPhone
		{8DFF9D2A-0277-4A39-82C0-4F70256D9F77}.Debug|x86.ActiveCfg = Debug|iPhone
		{8DFF9D2A-0277-4A39-82C0-4F70256D9F77}.Release|Any CPU.ActiveCfg = Release|iPhone
		{8DFF9D2A-0277-4A39-82C0-4F70256D9F77}.Release|ARM.ActiveCfg = Release|iPhone
		{8DFF9D2A-0277-4A39-82C0-4F70256D9F77}.Release|iPhone.ActiveCfg = Release|iPhone
		{8DFF9D2A-0277-4A39-82C0-4F70256D9F77}.Release|iPhone.Build.0 = Release|iPhone
		{8DFF9D2A-0277-4A39-82C0-4F70256D9F77}.Release|iPhoneSimulator.ActiveCfg = Release|iPhoneSimulator
		{8DFF9D2A-0277-4A39-82C0-4F70256D9F77}.Release|iPhoneSimulator.Build.0 = Release|iPhoneSimulator
		{8DFF9D2A-0277-4A39-82C0-4F70256D9F77}.Release|x64.ActiveCfg = Release|iPhone
		{8DFF9D2A-0277-4A39-82C0-4F70256D9F77}.Release|x86.ActiveCfg = Release|iPhone
	EndGlobalSection
	GlobalSection(SolutionProperties) = preSolution
		HideSolutionNode = FALSE
	EndGlobalSection
	GlobalSection(ExtensibilityGlobals) = postSolution
		SolutionGuid = {00275000-3007-4C26-BEA5-234E5E2E09D7}
	EndGlobalSection
EndGlobal
